
Microsoft Visual Studio Solution File, Format Version 12.00
# Visual Studio Version 16
VisualStudioVersion = 16.0.31729.503
MinimumVisualStudioVersion = 10.0.40219.1
Project("{FAE04EC0-301F-11D3-BF4B-00C04F79EFBC}") = "Lr_2_ser", "Lr_2_ser\Lr_2_ser.csproj", "{C500EE52-69BE-4F59-A870-B179FAC832C3}"
EndProject
Global
	GlobalSection(SolutionConfigurationPlatforms) = preSolution
		Debug|Any CPU = Debug|Any CPU
		Release|Any CPU = Release|Any CPU
	EndGlobalSection
	GlobalSection(ProjectConfigurationPlatforms) = postSolution
		{C500EE52-69BE-4F59-A870-B179FAC832C3}.Debug|Any CPU.ActiveCfg = Debug|Any CPU
		{C500EE52-69BE-4F59-A870-B179FAC832C3}.Debug|Any CPU.Build.0 = Debug|Any CPU
		{C500EE52-69BE-4F59-A870-B179FAC832C3}.Release|Any CPU.ActiveCfg = Release|Any CPU
		{C500EE52-69BE-4F59-A870-B179FAC832C3}.Release|Any CPU.Build.0 = Release|Any CPU
	EndGlobalSection
	GlobalSection(SolutionProperties) = preSolution
		HideSolutionNode = FALSE
	EndGlobalSection
	GlobalSection(ExtensibilityGlobals) = postSolution
		SolutionGuid = {A4719FBE-D2E0-4612-B64B-9498C0ABCCBE}
	EndGlobalSection
EndGlobal
